
Microsoft Visual Studio Solution File, Format Version 11.00
# Visual Studio 2010
Project("{2150E333-8FDC-42A3-9474-1A3956D46DE8}") = "Solution Items", "Solution Items", "{BFF3F75D-66EA-46E7-9BCC-F2AC3875BFAE}"
	ProjectSection(SolutionItems) = preProject
		ToDo.txt = ToDo.txt
	EndProjectSection
EndProject
Project("{FAE04EC0-301F-11D3-BF4B-00C04F79EFBC}") = "FluentBuild", "src\FluentBuild\FluentBuild.csproj", "{71965190-338E-42CD-9D48-47955DB750E2}"
EndProject
Project("{FAE04EC0-301F-11D3-BF4B-00C04F79EFBC}") = "FluentBuild.Tests", "tests\FluentBuild.Tests\FluentBuild.Tests.csproj", "{D7817FEA-652A-4264-B25F-5E747C4CF6D8}"
EndProject
Project("{FAE04EC0-301F-11D3-BF4B-00C04F79EFBC}") = "FluentBuild.Build", "src\FluentBuild.Build\FluentBuild.Build.csproj", "{5F8AAFBC-C135-4647-9433-A05A6F47D493}"
EndProject
Project("{FAE04EC0-301F-11D3-BF4B-00C04F79EFBC}") = "FluentBuild.BuildExe", "src\FluentBuild.BuildExe\FluentBuild.BuildExe.csproj", "{4007AB9B-0AEA-419F-831B-4516F947F025}"
EndProject
Project("{FAE04EC0-301F-11D3-BF4B-00C04F79EFBC}") = "FluentBuild.BuildFileConverter", "src\FluentBuild.BuildFileConverter\FluentBuild.BuildFileConverter.csproj", "{1F6A033C-B543-4540-9A5B-C9E55891E561}"
EndProject
Project("{FAE04EC0-301F-11D3-BF4B-00C04F79EFBC}") = "FluentBuild.BuildUI", "src\FluentBuild.BuildUI\FluentBuild.BuildUI.csproj", "{793C4DCC-067E-4511-8ACE-6CB53DDF7E4A}"
EndProject
Global
	GlobalSection(SolutionConfigurationPlatforms) = preSolution
		Debug|Any CPU = Debug|Any CPU
		Debug|Mixed Platforms = Debug|Mixed Platforms
		Debug|x86 = Debug|x86
		Release|Any CPU = Release|Any CPU
		Release|Mixed Platforms = Release|Mixed Platforms
		Release|x86 = Release|x86
	EndGlobalSection
	GlobalSection(ProjectConfigurationPlatforms) = postSolution
		{71965190-338E-42CD-9D48-47955DB750E2}.Debug|Any CPU.ActiveCfg = Debug|Any CPU
		{71965190-338E-42CD-9D48-47955DB750E2}.Debug|Any CPU.Build.0 = Debug|Any CPU
		{71965190-338E-42CD-9D48-47955DB750E2}.Debug|Mixed Platforms.ActiveCfg = Debug|Any CPU
		{71965190-338E-42CD-9D48-47955DB750E2}.Debug|Mixed Platforms.Build.0 = Debug|Any CPU
		{71965190-338E-42CD-9D48-47955DB750E2}.Debug|x86.ActiveCfg = Debug|Any CPU
		{71965190-338E-42CD-9D48-47955DB750E2}.Release|Any CPU.ActiveCfg = Release|Any CPU
		{71965190-338E-42CD-9D48-47955DB750E2}.Release|Any CPU.Build.0 = Release|Any CPU
		{71965190-338E-42CD-9D48-47955DB750E2}.Release|Mixed Platforms.ActiveCfg = Release|Any CPU
		{71965190-338E-42CD-9D48-47955DB750E2}.Release|Mixed Platforms.Build.0 = Release|Any CPU
		{71965190-338E-42CD-9D48-47955DB750E2}.Release|x86.ActiveCfg = Release|Any CPU
		{D7817FEA-652A-4264-B25F-5E747C4CF6D8}.Debug|Any CPU.ActiveCfg = Debug|Any CPU
		{D7817FEA-652A-4264-B25F-5E747C4CF6D8}.Debug|Any CPU.Build.0 = Debug|Any CPU
		{D7817FEA-652A-4264-B25F-5E747C4CF6D8}.Debug|Mixed Platforms.ActiveCfg = Debug|Any CPU
		{D7817FEA-652A-4264-B25F-5E747C4CF6D8}.Debug|Mixed Platforms.Build.0 = Debug|Any CPU
		{D7817FEA-652A-4264-B25F-5E747C4CF6D8}.Debug|x86.ActiveCfg = Debug|Any CPU
		{D7817FEA-652A-4264-B25F-5E747C4CF6D8}.Release|Any CPU.ActiveCfg = Release|Any CPU
		{D7817FEA-652A-4264-B25F-5E747C4CF6D8}.Release|Any CPU.Build.0 = Release|Any CPU
		{D7817FEA-652A-4264-B25F-5E747C4CF6D8}.Release|Mixed Platforms.ActiveCfg = Release|Any CPU
		{D7817FEA-652A-4264-B25F-5E747C4CF6D8}.Release|Mixed Platforms.Build.0 = Release|Any CPU
		{D7817FEA-652A-4264-B25F-5E747C4CF6D8}.Release|x86.ActiveCfg = Release|Any CPU
		{5F8AAFBC-C135-4647-9433-A05A6F47D493}.Debug|Any CPU.ActiveCfg = Debug|Any CPU
		{5F8AAFBC-C135-4647-9433-A05A6F47D493}.Debug|Any CPU.Build.0 = Debug|Any CPU
		{5F8AAFBC-C135-4647-9433-A05A6F47D493}.Debug|Mixed Platforms.ActiveCfg = Debug|Any CPU
		{5F8AAFBC-C135-4647-9433-A05A6F47D493}.Debug|Mixed Platforms.Build.0 = Debug|Any CPU
		{5F8AAFBC-C135-4647-9433-A05A6F47D493}.Debug|x86.ActiveCfg = Debug|Any CPU
		{5F8AAFBC-C135-4647-9433-A05A6F47D493}.Release|Any CPU.ActiveCfg = Release|Any CPU
		{5F8AAFBC-C135-4647-9433-A05A6F47D493}.Release|Any CPU.Build.0 = Release|Any CPU
		{5F8AAFBC-C135-4647-9433-A05A6F47D493}.Release|Mixed Platforms.ActiveCfg = Release|Any CPU
		{5F8AAFBC-C135-4647-9433-A05A6F47D493}.Release|Mixed Platforms.Build.0 = Release|Any CPU
		{5F8AAFBC-C135-4647-9433-A05A6F47D493}.Release|x86.ActiveCfg = Release|Any CPU
		{4007AB9B-0AEA-419F-831B-4516F947F025}.Debug|Any CPU.ActiveCfg = Debug|Any CPU
		{4007AB9B-0AEA-419F-831B-4516F947F025}.Debug|Any CPU.Build.0 = Debug|Any CPU
		{4007AB9B-0AEA-419F-831B-4516F947F025}.Debug|Mixed Platforms.ActiveCfg = Debug|Any CPU
		{4007AB9B-0AEA-419F-831B-4516F947F025}.Debug|Mixed Platforms.Build.0 = Debug|Any CPU
		{4007AB9B-0AEA-419F-831B-4516F947F025}.Debug|x86.ActiveCfg = Debug|Any CPU
		{4007AB9B-0AEA-419F-831B-4516F947F025}.Release|Any CPU.ActiveCfg = Release|Any CPU
		{4007AB9B-0AEA-419F-831B-4516F947F025}.Release|Any CPU.Build.0 = Release|Any CPU
		{4007AB9B-0AEA-419F-831B-4516F947F025}.Release|Mixed Platforms.ActiveCfg = Release|Any CPU
		{4007AB9B-0AEA-419F-831B-4516F947F025}.Release|Mixed Platforms.Build.0 = Release|Any CPU
		{4007AB9B-0AEA-419F-831B-4516F947F025}.Release|x86.ActiveCfg = Release|Any CPU
		{1F6A033C-B543-4540-9A5B-C9E55891E561}.Debug|Any CPU.ActiveCfg = Debug|x86
		{1F6A033C-B543-4540-9A5B-C9E55891E561}.Debug|Mixed Platforms.ActiveCfg = Debug|x86
		{1F6A033C-B543-4540-9A5B-C9E55891E561}.Debug|Mixed Platforms.Build.0 = Debug|x86
		{1F6A033C-B543-4540-9A5B-C9E55891E561}.Debug|x86.ActiveCfg = Debug|x86
		{1F6A033C-B543-4540-9A5B-C9E55891E561}.Debug|x86.Build.0 = Debug|x86
		{1F6A033C-B543-4540-9A5B-C9E55891E561}.Release|Any CPU.ActiveCfg = Release|x86
		{1F6A033C-B543-4540-9A5B-C9E55891E561}.Release|Mixed Platforms.ActiveCfg = Release|x86
		{1F6A033C-B543-4540-9A5B-C9E55891E561}.Release|Mixed Platforms.Build.0 = Release|x86
		{1F6A033C-B543-4540-9A5B-C9E55891E561}.Release|x86.ActiveCfg = Release|x86
		{1F6A033C-B543-4540-9A5B-C9E55891E561}.Release|x86.Build.0 = Release|x86
		{793C4DCC-067E-4511-8ACE-6CB53DDF7E4A}.Debug|Any CPU.ActiveCfg = Debug|x86
		{793C4DCC-067E-4511-8ACE-6CB53DDF7E4A}.Debug|Mixed Platforms.ActiveCfg = Debug|x86
		{793C4DCC-067E-4511-8ACE-6CB53DDF7E4A}.Debug|Mixed Platforms.Build.0 = Debug|x86
		{793C4DCC-067E-4511-8ACE-6CB53DDF7E4A}.Debug|x86.ActiveCfg = Debug|x86
		{793C4DCC-067E-4511-8ACE-6CB53DDF7E4A}.Debug|x86.Build.0 = Debug|x86
		{793C4DCC-067E-4511-8ACE-6CB53DDF7E4A}.Release|Any CPU.ActiveCfg = Release|x86
		{793C4DCC-067E-4511-8ACE-6CB53DDF7E4A}.Release|Mixed Platforms.ActiveCfg = Release|x86
		{793C4DCC-067E-4511-8ACE-6CB53DDF7E4A}.Release|Mixed Platforms.Build.0 = Release|x86
		{793C4DCC-067E-4511-8ACE-6CB53DDF7E4A}.Release|x86.ActiveCfg = Release|x86
		{793C4DCC-067E-4511-8ACE-6CB53DDF7E4A}.Release|x86.Build.0 = Release|x86
	EndGlobalSection
	GlobalSection(SolutionProperties) = preSolution
		HideSolutionNode = FALSE
	EndGlobalSection
	GlobalSection(SubversionScc) = preSolution
		Svn-Managed = True
		Manager = AnkhSVN - Subversion Support for Visual Studio
	EndGlobalSection
EndGlobal
